<?xml version="1.0" encoding="utf-8"?>
<Project xmlns="http://schemas.microsoft.com/developer/msbuild/2003">
  <ItemGroup>
    <Filter Include="Form Files">
      <UniqueIdentifier>{99349809-55BA-4b9d-BF79-8FDBB0286EB3}</UniqueIdentifier>
      <Extensions>ui</Extensions>
      <ParseFiles>false</ParseFiles>
    </Filter>
    <Filter Include="Form Files">
      <UniqueIdentifier>{99349809-55BA-4b9d-BF79-8FDBB0286EB3}</UniqueIdentifier>
      <Extensions>ui</Extensions>
      <ParseFiles>false</ParseFiles>
    </Filter>
    <Filter Include="Generated Files">
      <UniqueIdentifier>{71ED8ED8-ACB9-4CE9-BBE1-E00B30144E11}</UniqueIdentifier>
      <Extensions>cpp;c;cxx;moc;h;def;odl;idl;res;</Extensions>
    </Filter>
    <Filter Include="Generated Files">
      <UniqueIdentifier>{71ED8ED8-ACB9-4CE9-BBE1-E00B30144E11}</UniqueIdentifier>
      <Extensions>cpp;c;cxx;moc;h;def;odl;idl;res;</Extensions>
    </Filter>
    <Filter Include="Header Files">
      <UniqueIdentifier>{93995380-89BD-4b04-88EB-625FBE52EBFB}</UniqueIdentifier>
      <Extensions>h;hpp;hxx;hm;inl;inc;xsd</Extensions>
    </Filter>
    <Filter Include="Header Files">
      <UniqueIdentifier>{93995380-89BD-4b04-88EB-625FBE52EBFB}</UniqueIdentifier>
      <Extensions>h;hpp;hxx;hm;inl;inc;xsd</Extensions>
    </Filter>
    <Filter Include="Source Files">
      <UniqueIdentifier>{4FC737F1-C7A5-4376-A066-2A32D752A2FF}</UniqueIdentifier>
      <Extensions>cpp;c;cxx;def;odl;idl;hpj;bat;asm;asmx</Extensions>
    </Filter>
    <Filter Include="Source Files">
      <UniqueIdentifier>{4FC737F1-C7A5-4376-A066-2A32D752A2FF}</UniqueIdentifier>
      <Extensions>cpp;c;cxx;def;odl;idl;hpj;bat;asm;asmx</Extensions>
    </Filter>
  </ItemGroup>
  <ItemGroup>
    <ClCompile Include="Core\BiquarticPatch.cpp">
      <Filter>Source Files</Filter>
    </ClCompile>
    <ClCompile Include="Core\BiquaticArc.cpp">
      <Filter>Source Files</Filter>
    </ClCompile>
    <ClCompile Include="Core\CyclicCurves3.cpp">
      <Filter>Source Files</Filter>
    </ClCompile>
    <ClCompile Include="GUI\GLWidget.cpp">
      <Filter>Source Files</Filter>
    </ClCompile>
    <ClCompile Include="Core\GenericCurves3.cpp">
      <Filter>Source Files</Filter>
    </ClCompile>
    <ClCompile Include="Core\Lights.cpp">
      <Filter>Source Files</Filter>
    </ClCompile>
    <ClCompile Include="Core\LinearCombination3.cpp">
      <Filter>Source Files</Filter>
    </ClCompile>
    <ClCompile Include="GUI\MainWindow.cpp">
      <Filter>Source Files</Filter>
    </ClCompile>
    <ClCompile Include="Parametric\ParametricCurves3.cpp">
      <Filter>Source Files</Filter>
    </ClCompile>
    <ClCompile Include="Parametric\ParametricSurfaces3.cpp">
      <Filter>Source Files</Filter>
    </ClCompile>
    <ClCompile Include="Core\RealSquareMatrices.cpp">
      <Filter>Source Files</Filter>
    </ClCompile>
    <ClCompile Include="Core\ShaderPrograms.cpp">
      <Filter>Source Files</Filter>
    </ClCompile>
    <ClCompile Include="GUI\SideWidget.cpp">
      <Filter>Source Files</Filter>
    </ClCompile>
    <ClCompile Include="Core\TensorProductSurfaces3.cpp">
      <Filter>Source Files</Filter>
    </ClCompile>
    <ClCompile Include="Test\TestFunctions.cpp">
      <Filter>Source Files</Filter>
    </ClCompile>
    <ClCompile Include="Core\TriangulatedMeshes3.cpp">
      <Filter>Source Files</Filter>
    </ClCompile>
    <ClCompile Include="main.cpp">
      <Filter>Source Files</Filter>
    </ClCompile>
    <ClCompile Include="Core\Materials.cpp">
      <Filter>Source Files</Filter>
    </ClCompile>
    <ClCompile Include="Sandbox.cpp">
      <Filter>Source Files</Filter>
    </ClCompile>
  </ItemGroup>
  <ItemGroup>
    <ClInclude Include="Core\BiquarticArc.h">
      <Filter>Header Files</Filter>
    </ClInclude>
    <ClInclude Include="Core\BiquarticPatch.h">
      <Filter>Header Files</Filter>
    </ClInclude>
    <ClInclude Include="Core\Colors4.h">
      <Filter>Header Files</Filter>
    </ClInclude>
    <ClInclude Include="Core\Constants.h">
      <Filter>Header Files</Filter>
    </ClInclude>
    <ClInclude Include="Core\CyclicCurves3.h">
      <Filter>Header Files</Filter>
    </ClInclude>
    <ClInclude Include="Core\DCoordinates3.h">
      <Filter>Header Files</Filter>
    </ClInclude>
    <ClInclude Include="Core\Exceptions.h">
      <Filter>Header Files</Filter>
    </ClInclude>
    <QtMoc Include="GUI\GLWidget.h">
      <Filter>Header Files</Filter>
    </QtMoc>
    <ClInclude Include="Core\GenericCurves3.h">
      <Filter>Header Files</Filter>
    </ClInclude>
    <ClInclude Include="Core\HCoordinates3.h">
      <Filter>Header Files</Filter>
    </ClInclude>
    <ClInclude Include="Core\Lights.h">
      <Filter>Header Files</Filter>
    </ClInclude>
    <ClInclude Include="Core\LinearCombination3.h">
      <Filter>Header Files</Filter>
    </ClInclude>
    <QtMoc Include="GUI\MainWindow.h">
      <Filter>Header Files</Filter>
    </QtMoc>
    <ClInclude Include="Core\Matrices.h">
      <Filter>Header Files</Filter>
    </ClInclude>
    <ClInclude Include="Parametric\ParametricCurves3.h">
      <Filter>Header Files</Filter>
    </ClInclude>
    <ClInclude Include="Parametric\ParametricSurfaces3.h">
      <Filter>Header Files</Filter>
    </ClInclude>
    <ClInclude Include="Core\RealSquareMatrices.h">
      <Filter>Header Files</Filter>
    </ClInclude>
    <ClInclude Include="Core\ShaderPrograms.h">
      <Filter>Header Files</Filter>
    </ClInclude>
    <ClInclude Include="GUI\SideWidget.h">
      <Filter>Header Files</Filter>
    </ClInclude>
    <ClInclude Include="Core\TCoordinates4.h">
      <Filter>Header Files</Filter>
    </ClInclude>
    <ClInclude Include="Core\TensorProductSurfaces3.h">
      <Filter>Header Files</Filter>
    </ClInclude>
    <ClInclude Include="Test\TestFunctions.h">
      <Filter>Header Files</Filter>
    </ClInclude>
    <ClInclude Include="Core\TriangularFaces.h">
      <Filter>Header Files</Filter>
    </ClInclude>
    <ClInclude Include="Core\TriangulatedMeshes3.h">
      <Filter>Header Files</Filter>
    </ClInclude>
    <ClInclude Include="Core\Materials.h">
      <Filter>Header Files</Filter>
    </ClInclude>
    <ClInclude Include="Sandbox.h">
      <Filter>Header Files</Filter>
    </ClInclude>
  </ItemGroup>
  <ItemGroup>
    <CustomBuild Include="debug\moc_predefs.h.cbt">
      <Filter>Generated Files</Filter>
    </CustomBuild>
    <CustomBuild Include="release\moc_predefs.h.cbt">
      <Filter>Generated Files</Filter>
    </CustomBuild>
  </ItemGroup>
  <ItemGroup>
    <QtUic Include="GUI\MainWindow.ui">
      <Filter>Form Files</Filter>
    </QtUic>
    <QtUic Include="GUI\SideWidget.ui">
      <Filter>Form Files</Filter>
    </QtUic>
  </ItemGroup>
</Project>